
Microsoft Visual Studio Solution File, Format Version 12.00
# Visual Studio Version 17
VisualStudioVersion = 17.0.32126.317
MinimumVisualStudioVersion = 10.0.40219.1
Project("{FAE04EC0-301F-11D3-BF4B-00C04F79EFBC}") = "Arrays Bronze", "Arrays Bronze\Arrays Bronze.csproj", "{A84AD921-C165-4412-9CD8-370506F6E04E}"
EndProject
Global
	GlobalSection(SolutionConfigurationPlatforms) = preSolution
		Debug|Any CPU = Debug|Any CPU
		Release|Any CPU = Release|Any CPU
	EndGlobalSection
	GlobalSection(ProjectConfigurationPlatforms) = postSolution
		{A84AD921-C165-4412-9CD8-370506F6E04E}.Debug|Any CPU.ActiveCfg = Debug|Any CPU
		{A84AD921-C165-4412-9CD8-370506F6E04E}.Debug|Any CPU.Build.0 = Debug|Any CPU
		{A84AD921-C165-4412-9CD8-370506F6E04E}.Release|Any CPU.ActiveCfg = Release|Any CPU
		{A84AD921-C165-4412-9CD8-370506F6E04E}.Release|Any CPU.Build.0 = Release|Any CPU
	EndGlobalSection
	GlobalSection(SolutionProperties) = preSolution
		HideSolutionNode = FALSE
	EndGlobalSection
	GlobalSection(ExtensibilityGlobals) = postSolution
		SolutionGuid = {9F4ED4FF-E6BF-4791-95CA-2A5E6F0EE601}
	EndGlobalSection
EndGlobal
