
Microsoft Visual Studio Solution File, Format Version 12.00
# Visual Studio Version 17
VisualStudioVersion = 17.0.32126.317
MinimumVisualStudioVersion = 10.0.40219.1
Project("{FAE04EC0-301F-11D3-BF4B-00C04F79EFBC}") = "Functies return Bronze", "Functies return Bronze\Functies return Bronze.csproj", "{E897C3E3-50B4-4C40-B754-611ABA3414B1}"
EndProject
Global
	GlobalSection(SolutionConfigurationPlatforms) = preSolution
		Debug|Any CPU = Debug|Any CPU
		Release|Any CPU = Release|Any CPU
	EndGlobalSection
	GlobalSection(ProjectConfigurationPlatforms) = postSolution
		{E897C3E3-50B4-4C40-B754-611ABA3414B1}.Debug|Any CPU.ActiveCfg = Debug|Any CPU
		{E897C3E3-50B4-4C40-B754-611ABA3414B1}.Debug|Any CPU.Build.0 = Debug|Any CPU
		{E897C3E3-50B4-4C40-B754-611ABA3414B1}.Release|Any CPU.ActiveCfg = Release|Any CPU
		{E897C3E3-50B4-4C40-B754-611ABA3414B1}.Release|Any CPU.Build.0 = Release|Any CPU
	EndGlobalSection
	GlobalSection(SolutionProperties) = preSolution
		HideSolutionNode = FALSE
	EndGlobalSection
	GlobalSection(ExtensibilityGlobals) = postSolution
		SolutionGuid = {6FB6B9B0-AAF2-48E7-9523-16212925188F}
	EndGlobalSection
EndGlobal
