
Microsoft Visual Studio Solution File, Format Version 12.00
# Visual Studio Version 17
VisualStudioVersion = 17.0.32126.317
MinimumVisualStudioVersion = 10.0.40219.1
Project("{FAE04EC0-301F-11D3-BF4B-00C04F79EFBC}") = "Loops Bronze", "Loops Bronze\Loops Bronze.csproj", "{FDD87143-9227-435C-A200-45F8ADC01964}"
EndProject
Global
	GlobalSection(SolutionConfigurationPlatforms) = preSolution
		Debug|Any CPU = Debug|Any CPU
		Release|Any CPU = Release|Any CPU
	EndGlobalSection
	GlobalSection(ProjectConfigurationPlatforms) = postSolution
		{FDD87143-9227-435C-A200-45F8ADC01964}.Debug|Any CPU.ActiveCfg = Debug|Any CPU
		{FDD87143-9227-435C-A200-45F8ADC01964}.Debug|Any CPU.Build.0 = Debug|Any CPU
		{FDD87143-9227-435C-A200-45F8ADC01964}.Release|Any CPU.ActiveCfg = Release|Any CPU
		{FDD87143-9227-435C-A200-45F8ADC01964}.Release|Any CPU.Build.0 = Release|Any CPU
	EndGlobalSection
	GlobalSection(SolutionProperties) = preSolution
		HideSolutionNode = FALSE
	EndGlobalSection
	GlobalSection(ExtensibilityGlobals) = postSolution
		SolutionGuid = {E0ECFEC8-8514-4083-8D39-D7B0D738B049}
	EndGlobalSection
EndGlobal
