
Microsoft Visual Studio Solution File, Format Version 12.00
# Visual Studio Version 17
VisualStudioVersion = 17.0.32126.317
MinimumVisualStudioVersion = 10.0.40219.1
Project("{FAE04EC0-301F-11D3-BF4B-00C04F79EFBC}") = "Overerving(Inheritence) Bronze", "Overerving(Inheritence) Bronze\Overerving(Inheritence) Bronze.csproj", "{C960AC86-D054-4E1F-9901-B28ECBCF06BC}"
EndProject
Global
	GlobalSection(SolutionConfigurationPlatforms) = preSolution
		Debug|Any CPU = Debug|Any CPU
		Release|Any CPU = Release|Any CPU
	EndGlobalSection
	GlobalSection(ProjectConfigurationPlatforms) = postSolution
		{C960AC86-D054-4E1F-9901-B28ECBCF06BC}.Debug|Any CPU.ActiveCfg = Debug|Any CPU
		{C960AC86-D054-4E1F-9901-B28ECBCF06BC}.Debug|Any CPU.Build.0 = Debug|Any CPU
		{C960AC86-D054-4E1F-9901-B28ECBCF06BC}.Release|Any CPU.ActiveCfg = Release|Any CPU
		{C960AC86-D054-4E1F-9901-B28ECBCF06BC}.Release|Any CPU.Build.0 = Release|Any CPU
	EndGlobalSection
	GlobalSection(SolutionProperties) = preSolution
		HideSolutionNode = FALSE
	EndGlobalSection
	GlobalSection(ExtensibilityGlobals) = postSolution
		SolutionGuid = {2BBA6834-C868-43BD-9AC9-6E3FA3D0F294}
	EndGlobalSection
EndGlobal
